
Microsoft Visual Studio Solution File, Format Version 12.00
# Visual Studio 15
VisualStudioVersion = 15.0.27703.2018
MinimumVisualStudioVersion = 10.0.40219.1
Project("{9A19103F-16F7-4668-BE54-9A1E7A4F7556}") = "00_Temp", "ConsoleApp1\00_Temp.csproj", "{D01FE39A-6651-46F5-B555-06FCAC6F2C46}"
EndProject
Project("{9A19103F-16F7-4668-BE54-9A1E7A4F7556}") = "DragonArmy-Dict", "DragonArmy-Dict\DragonArmy-Dict.csproj", "{5EE5B545-0D8F-4642-9222-4245955C274A}"
EndProject
Project("{9A19103F-16F7-4668-BE54-9A1E7A4F7556}") = "PokemonEvolution_0717", "PokemonEvolution_0717\PokemonEvolution_0717.csproj", "{EEC3E13D-78D0-49EB-ACB2-71A51228A1C5}"
EndProject
Project("{9A19103F-16F7-4668-BE54-9A1E7A4F7556}") = "MOBAChallenger_0418", "MOBAChallenger_0418\MOBAChallenger_0418.csproj", "{8BF9152B-64C7-445F-A826-5DCEB30B7E43}"
EndProject
Project("{9A19103F-16F7-4668-BE54-9A1E7A4F7556}") = "ForceBook_0318", "04_ForceBook\ForceBook_0318.csproj", "{A9153B45-685F-4136-85A9-8B0AE1B91B12}"
EndProject
Project("{9A19103F-16F7-4668-BE54-9A1E7A4F7556}") = "Snowwhite_0118", "Snowwhite_0118\Snowwhite_0118.csproj", "{09CCEC15-DAB0-481A-8485-0C87DA40FCB9}"
EndProject
Project("{9A19103F-16F7-4668-BE54-9A1E7A4F7556}") = "AnonymousCache _1117", "AnonymousCache _1117\AnonymousCache _1117.csproj", "{585E900D-E2FB-41CD-83D7-525383B2D151}"
EndProject
Project("{FAE04EC0-301F-11D3-BF4B-00C04F79EFBC}") = "RoliTheCoder_BCPract1", "RoliTheCoder_BCPract1\RoliTheCoder_BCPract1.csproj", "{201900AF-6411-425D-8508-CED66BAA9B54}"
EndProject
Global
	GlobalSection(SolutionConfigurationPlatforms) = preSolution
		Debug|Any CPU = Debug|Any CPU
		Release|Any CPU = Release|Any CPU
	EndGlobalSection
	GlobalSection(ProjectConfigurationPlatforms) = postSolution
		{D01FE39A-6651-46F5-B555-06FCAC6F2C46}.Debug|Any CPU.ActiveCfg = Debug|Any CPU
		{D01FE39A-6651-46F5-B555-06FCAC6F2C46}.Debug|Any CPU.Build.0 = Debug|Any CPU
		{D01FE39A-6651-46F5-B555-06FCAC6F2C46}.Release|Any CPU.ActiveCfg = Release|Any CPU
		{D01FE39A-6651-46F5-B555-06FCAC6F2C46}.Release|Any CPU.Build.0 = Release|Any CPU
		{5EE5B545-0D8F-4642-9222-4245955C274A}.Debug|Any CPU.ActiveCfg = Debug|Any CPU
		{5EE5B545-0D8F-4642-9222-4245955C274A}.Debug|Any CPU.Build.0 = Debug|Any CPU
		{5EE5B545-0D8F-4642-9222-4245955C274A}.Release|Any CPU.ActiveCfg = Release|Any CPU
		{5EE5B545-0D8F-4642-9222-4245955C274A}.Release|Any CPU.Build.0 = Release|Any CPU
		{EEC3E13D-78D0-49EB-ACB2-71A51228A1C5}.Debug|Any CPU.ActiveCfg = Debug|Any CPU
		{EEC3E13D-78D0-49EB-ACB2-71A51228A1C5}.Debug|Any CPU.Build.0 = Debug|Any CPU
		{EEC3E13D-78D0-49EB-ACB2-71A51228A1C5}.Release|Any CPU.ActiveCfg = Release|Any CPU
		{EEC3E13D-78D0-49EB-ACB2-71A51228A1C5}.Release|Any CPU.Build.0 = Release|Any CPU
		{8BF9152B-64C7-445F-A826-5DCEB30B7E43}.Debug|Any CPU.ActiveCfg = Debug|Any CPU
		{8BF9152B-64C7-445F-A826-5DCEB30B7E43}.Debug|Any CPU.Build.0 = Debug|Any CPU
		{8BF9152B-64C7-445F-A826-5DCEB30B7E43}.Release|Any CPU.ActiveCfg = Release|Any CPU
		{8BF9152B-64C7-445F-A826-5DCEB30B7E43}.Release|Any CPU.Build.0 = Release|Any CPU
		{A9153B45-685F-4136-85A9-8B0AE1B91B12}.Debug|Any CPU.ActiveCfg = Debug|Any CPU
		{A9153B45-685F-4136-85A9-8B0AE1B91B12}.Debug|Any CPU.Build.0 = Debug|Any CPU
		{A9153B45-685F-4136-85A9-8B0AE1B91B12}.Release|Any CPU.ActiveCfg = Release|Any CPU
		{A9153B45-685F-4136-85A9-8B0AE1B91B12}.Release|Any CPU.Build.0 = Release|Any CPU
		{09CCEC15-DAB0-481A-8485-0C87DA40FCB9}.Debug|Any CPU.ActiveCfg = Debug|Any CPU
		{09CCEC15-DAB0-481A-8485-0C87DA40FCB9}.Debug|Any CPU.Build.0 = Debug|Any CPU
		{09CCEC15-DAB0-481A-8485-0C87DA40FCB9}.Release|Any CPU.ActiveCfg = Release|Any CPU
		{09CCEC15-DAB0-481A-8485-0C87DA40FCB9}.Release|Any CPU.Build.0 = Release|Any CPU
		{585E900D-E2FB-41CD-83D7-525383B2D151}.Debug|Any CPU.ActiveCfg = Debug|Any CPU
		{585E900D-E2FB-41CD-83D7-525383B2D151}.Debug|Any CPU.Build.0 = Debug|Any CPU
		{585E900D-E2FB-41CD-83D7-525383B2D151}.Release|Any CPU.ActiveCfg = Release|Any CPU
		{585E900D-E2FB-41CD-83D7-525383B2D151}.Release|Any CPU.Build.0 = Release|Any CPU
		{201900AF-6411-425D-8508-CED66BAA9B54}.Debug|Any CPU.ActiveCfg = Debug|Any CPU
		{201900AF-6411-425D-8508-CED66BAA9B54}.Debug|Any CPU.Build.0 = Debug|Any CPU
		{201900AF-6411-425D-8508-CED66BAA9B54}.Release|Any CPU.ActiveCfg = Release|Any CPU
		{201900AF-6411-425D-8508-CED66BAA9B54}.Release|Any CPU.Build.0 = Release|Any CPU
	EndGlobalSection
	GlobalSection(SolutionProperties) = preSolution
		HideSolutionNode = FALSE
	EndGlobalSection
	GlobalSection(ExtensibilityGlobals) = postSolution
		SolutionGuid = {40C89D8B-DFC9-4D58-897E-599A790DAD3D}
	EndGlobalSection
EndGlobal
